
Microsoft Visual Studio Solution File, Format Version 12.00
# Visual Studio 15
VisualStudioVersion = 15.0.27130.2010
MinimumVisualStudioVersion = 10.0.40219.1
Project("{888888A0-9F3D-457C-B088-3A5042F75D52}") = "FizzBuzz!", "FizzBuzz!.pyproj", "{D825B6EA-45A1-460D-88A5-A2D37CB3809E}"
EndProject
Global
	GlobalSection(SolutionConfigurationPlatforms) = preSolution
		Debug|Any CPU = Debug|Any CPU
		Release|Any CPU = Release|Any CPU
	EndGlobalSection
	GlobalSection(ProjectConfigurationPlatforms) = postSolution
		{D825B6EA-45A1-460D-88A5-A2D37CB3809E}.Debug|Any CPU.ActiveCfg = Debug|Any CPU
		{D825B6EA-45A1-460D-88A5-A2D37CB3809E}.Release|Any CPU.ActiveCfg = Release|Any CPU
	EndGlobalSection
	GlobalSection(SolutionProperties) = preSolution
		HideSolutionNode = FALSE
	EndGlobalSection
	GlobalSection(ExtensibilityGlobals) = postSolution
		SolutionGuid = {8D137683-6699-4581-9966-52FE13A987CC}
	EndGlobalSection
EndGlobal
